// !$*UTF8*$!
{
	archiveVersion = 1;
	classes = {
	};
	objectVersion = 77;
	objects = {

/* Begin PBXBuildFile section */
		34930FC12CC2541400EFE2B6 /* ScalingHeaderScrollView in Frameworks */ = {isa = PBXBuildFile; productRef = 34930FC02CC2541400EFE2B6 /* ScalingHeaderScrollView */; };
/* End PBXBuildFile section */

/* Begin PBXContainerItemProxy section */
		34930F702CC2419C00EFE2B6 /* PBXContainerItemProxy */ = {
			isa = PBXContainerItemProxy;
			containerPortal = 34930F572CC2419200EFE2B6 /* Project object */;
			proxyType = 1;
			remoteGlobalIDString = 34930F5E2CC2419200EFE2B6;
			remoteInfo = uefaproject;
		};
		34930F7A2CC2419C00EFE2B6 /* PBXContainerItemProxy */ = {
			isa = PBXContainerItemProxy;
			containerPortal = 34930F572CC2419200EFE2B6 /* Project object */;
			proxyType = 1;
			remoteGlobalIDString = 34930F5E2CC2419200EFE2B6;
			remoteInfo = uefaproject;
		};
/* End PBXContainerItemProxy section */

/* Begin PBXFileReference section */
		34930F5F2CC2419200EFE2B6 /* uefaproject.app */ = {isa = PBXFileReference; explicitFileType = wrapper.application; includeInIndex = 0; path = uefaproject.app; sourceTree = BUILT_PRODUCTS_DIR; };
		34930F6F2CC2419C00EFE2B6 /* uefaprojectTests.xctest */ = {isa = PBXFileReference; explicitFileType = wrapper.cfbundle; includeInIndex = 0; path = uefaprojectTests.xctest; sourceTree = BUILT_PRODUCTS_DIR; };
		34930F792CC2419C00EFE2B6 /* uefaprojectUITests.xctest */ = {isa = PBXFileReference; explicitFileType = wrapper.cfbundle; includeInIndex = 0; path = uefaprojectUITests.xctest; sourceTree = BUILT_PRODUCTS_DIR; };
/* End PBXFileReference section */

/* Begin PBXFileSystemSynchronizedBuildFileExceptionSet section */
		34930FA02CC24D9100EFE2B6 /* Exceptions for "uefaproject" folder in "uefaprojectTests" target */ = {
			isa = PBXFileSystemSynchronizedBuildFileExceptionSet;
			membershipExceptions = (
				"Resources/Fonts/Champions-Bold.ttf",
			);
			target = 34930F6E2CC2419C00EFE2B6 /* uefaprojectTests */;
		};
		34930FA12CC24D9100EFE2B6 /* Exceptions for "uefaproject" folder in "uefaprojectUITests" target */ = {
			isa = PBXFileSystemSynchronizedBuildFileExceptionSet;
			membershipExceptions = (
				"Resources/Fonts/Champions-Bold.ttf",
			);
			target = 34930F782CC2419C00EFE2B6 /* uefaprojectUITests */;
		};
		34930FA32CC24DB400EFE2B6 /* Exceptions for "uefaproject" folder in "uefaproject" target */ = {
			isa = PBXFileSystemSynchronizedBuildFileExceptionSet;
			membershipExceptions = (
				Info.plist,
			);
			target = 34930F5E2CC2419200EFE2B6 /* uefaproject */;
		};
/* End PBXFileSystemSynchronizedBuildFileExceptionSet section */

/* Begin PBXFileSystemSynchronizedRootGroup section */
		34930F612CC2419200EFE2B6 /* uefaproject */ = {
			isa = PBXFileSystemSynchronizedRootGroup;
			exceptions = (
				34930FA32CC24DB400EFE2B6 /* Exceptions for "uefaproject" folder in "uefaproject" target */,
				34930FA02CC24D9100EFE2B6 /* Exceptions for "uefaproject" folder in "uefaprojectTests" target */,
				34930FA12CC24D9100EFE2B6 /* Exceptions for "uefaproject" folder in "uefaprojectUITests" target */,
			);
			path = uefaproject;
			sourceTree = "<group>";
		};
		34930F722CC2419C00EFE2B6 /* uefaprojectTests */ = {
			isa = PBXFileSystemSynchronizedRootGroup;
			path = uefaprojectTests;
			sourceTree = "<group>";
		};
		34930F7C2CC2419C00EFE2B6 /* uefaprojectUITests */ = {
			isa = PBXFileSystemSynchronizedRootGroup;
			path = uefaprojectUITests;
			sourceTree = "<group>";
		};
/* End PBXFileSystemSynchronizedRootGroup section */

/* Begin PBXFrameworksBuildPhase section */
		34930F5C2CC2419200EFE2B6 /* Frameworks */ = {
			isa = PBXFrameworksBuildPhase;
			buildActionMask = 2147483647;
			files = (
				34930FC12CC2541400EFE2B6 /* ScalingHeaderScrollView in Frameworks */,
			);
			runOnlyForDeploymentPostprocessing = 0;
		};
		34930F6C2CC2419C00EFE2B6 /* Frameworks */ = {
			isa = PBXFrameworksBuildPhase;
			buildActionMask = 2147483647;
			files = (
			);
			runOnlyForDeploymentPostprocessing = 0;
		};
		34930F762CC2419C00EFE2B6 /* Frameworks */ = {
			isa = PBXFrameworksBuildPhase;
			buildActionMask = 2147483647;
			files = (
			);
			runOnlyForDeploymentPostprocessing = 0;
		};
/* End PBXFrameworksBuildPhase section */

/* Begin PBXGroup section */
		34930F562CC2419200EFE2B6 = {
			isa = PBXGroup;
			children = (
				34930F612CC2419200EFE2B6 /* uefaproject */,
				34930F722CC2419C00EFE2B6 /* uefaprojectTests */,
				34930F7C2CC2419C00EFE2B6 /* uefaprojectUITests */,
				34930FBF2CC2541400EFE2B6 /* Frameworks */,
				34930F602CC2419200EFE2B6 /* Products */,
			);
			sourceTree = "<group>";
		};
		34930F602CC2419200EFE2B6 /* Products */ = {
			isa = PBXGroup;
			children = (
				34930F5F2CC2419200EFE2B6 /* uefaproject.app */,
				34930F6F2CC2419C00EFE2B6 /* uefaprojectTests.xctest */,
				34930F792CC2419C00EFE2B6 /* uefaprojectUITests.xctest */,
			);
			name = Products;
			sourceTree = "<group>";
		};
		34930FBF2CC2541400EFE2B6 /* Frameworks */ = {
			isa = PBXGroup;
			children = (
			);
			name = Frameworks;
			sourceTree = "<group>";
		};
/* End PBXGroup section */

/* Begin PBXNativeTarget section */
		34930F5E2CC2419200EFE2B6 /* uefaproject */ = {
			isa = PBXNativeTarget;
			buildConfigurationList = 34930F832CC2419C00EFE2B6 /* Build configuration list for PBXNativeTarget "uefaproject" */;
			buildPhases = (
				34930F5B2CC2419200EFE2B6 /* Sources */,
				34930F5C2CC2419200EFE2B6 /* Frameworks */,
				34930F5D2CC2419200EFE2B6 /* Resources */,
			);
			buildRules = (
			);
			dependencies = (
			);
			fileSystemSynchronizedGroups = (
				34930F612CC2419200EFE2B6 /* uefaproject */,
			);
			name = uefaproject;
			packageProductDependencies = (
				34930FC02CC2541400EFE2B6 /* ScalingHeaderScrollView */,
			);
			productName = uefaproject;
			productReference = 34930F5F2CC2419200EFE2B6 /* uefaproject.app */;
			productType = "com.apple.product-type.application";
		};
		34930F6E2CC2419C00EFE2B6 /* uefaprojectTests */ = {
			isa = PBXNativeTarget;
			buildConfigurationList = 34930F862CC2419C00EFE2B6 /* Build configuration list for PBXNativeTarget "uefaprojectTests" */;
			buildPhases = (
				34930F6B2CC2419C00EFE2B6 /* Sources */,
				34930F6C2CC2419C00EFE2B6 /* Frameworks */,
				34930F6D2CC2419C00EFE2B6 /* Resources */,
			);
			buildRules = (
			);
			dependencies = (
				34930F712CC2419C00EFE2B6 /* PBXTargetDependency */,
			);
			fileSystemSynchronizedGroups = (
				34930F722CC2419C00EFE2B6 /* uefaprojectTests */,
			);
			name = uefaprojectTests;
			packageProductDependencies = (
			);
			productName = uefaprojectTests;
			productReference = 34930F6F2CC2419C00EFE2B6 /* uefaprojectTests.xctest */;
			productType = "com.apple.product-type.bundle.unit-test";
		};
		34930F782CC2419C00EFE2B6 /* uefaprojectUITests */ = {
			isa = PBXNativeTarget;
			buildConfigurationList = 34930F892CC2419C00EFE2B6 /* Build configuration list for PBXNativeTarget "uefaprojectUITests" */;
			buildPhases = (
				34930F752CC2419C00EFE2B6 /* Sources */,
				34930F762CC2419C00EFE2B6 /* Frameworks */,
				34930F772CC2419C00EFE2B6 /* Resources */,
			);
			buildRules = (
			);
			dependencies = (
				34930F7B2CC2419C00EFE2B6 /* PBXTargetDependency */,
			);
			fileSystemSynchronizedGroups = (
				34930F7C2CC2419C00EFE2B6 /* uefaprojectUITests */,
			);
			name = uefaprojectUITests;
			packageProductDependencies = (
			);
			productName = uefaprojectUITests;
			productReference = 34930F792CC2419C00EFE2B6 /* uefaprojectUITests.xctest */;
			productType = "com.apple.product-type.bundle.ui-testing";
		};
/* End PBXNativeTarget section */

/* Begin PBXProject section */
		34930F572CC2419200EFE2B6 /* Project object */ = {
			isa = PBXProject;
			attributes = {
				BuildIndependentTargetsInParallel = 1;
				LastSwiftUpdateCheck = 1600;
				LastUpgradeCheck = 1600;
				TargetAttributes = {
					34930F5E2CC2419200EFE2B6 = {
						CreatedOnToolsVersion = 16.0;
					};
					34930F6E2CC2419C00EFE2B6 = {
						CreatedOnToolsVersion = 16.0;
						TestTargetID = 34930F5E2CC2419200EFE2B6;
					};
					34930F782CC2419C00EFE2B6 = {
						CreatedOnToolsVersion = 16.0;
						TestTargetID = 34930F5E2CC2419200EFE2B6;
					};
				};
			};
			buildConfigurationList = 34930F5A2CC2419200EFE2B6 /* Build configuration list for PBXProject "uefaproject" */;
			developmentRegion = en;
			hasScannedForEncodings = 0;
			knownRegions = (
				en,
				Base,
			);
			mainGroup = 34930F562CC2419200EFE2B6;
			minimizedProjectReferenceProxies = 1;
			packageReferences = (
				34930FBE2CC252B500EFE2B6 /* XCRemoteSwiftPackageReference "ScalingHeaderScrollView" */,
			);
			preferredProjectObjectVersion = 77;
			productRefGroup = 34930F602CC2419200EFE2B6 /* Products */;
			projectDirPath = "";
			projectRoot = "";
			targets = (
				34930F5E2CC2419200EFE2B6 /* uefaproject */,
				34930F6E2CC2419C00EFE2B6 /* uefaprojectTests */,
				34930F782CC2419C00EFE2B6 /* uefaprojectUITests */,
			);
		};
/* End PBXProject section */

/* Begin PBXResourcesBuildPhase section */
		34930F5D2CC2419200EFE2B6 /* Resources */ = {
			isa = PBXResourcesBuildPhase;
			buildActionMask = 2147483647;
			files = (
			);
			runOnlyForDeploymentPostprocessing = 0;
		};
		34930F6D2CC2419C00EFE2B6 /* Resources */ = {
			isa = PBXResourcesBuildPhase;
			buildActionMask = 2147483647;
			files = (
			);
			runOnlyForDeploymentPostprocessing = 0;
		};
		34930F772CC2419C00EFE2B6 /* Resources */ = {
			isa = PBXResourcesBuildPhase;
			buildActionMask = 2147483647;
			files = (
			);
			runOnlyForDeploymentPostprocessing = 0;
		};
/* End PBXResourcesBuildPhase section */

/* Begin PBXSourcesBuildPhase section */
		34930F5B2CC2419200EFE2B6 /* Sources */ = {
			isa = PBXSourcesBuildPhase;
			buildActionMask = 2147483647;
			files = (
			);
			runOnlyForDeploymentPostprocessing = 0;
		};
		34930F6B2CC2419C00EFE2B6 /* Sources */ = {
			isa = PBXSourcesBuildPhase;
			buildActionMask = 2147483647;
			files = (
			);
			runOnlyForDeploymentPostprocessing = 0;
		};
		34930F752CC2419C00EFE2B6 /* Sources */ = {
			isa = PBXSourcesBuildPhase;
			buildActionMask = 2147483647;
			files = (
			);
			runOnlyForDeploymentPostprocessing = 0;
		};
/* End PBXSourcesBuildPhase section */

/* Begin PBXTargetDependency section */
		34930F712CC2419C00EFE2B6 /* PBXTargetDependency */ = {
			isa = PBXTargetDependency;
			target = 34930F5E2CC2419200EFE2B6 /* uefaproject */;
			targetProxy = 34930F702CC2419C00EFE2B6 /* PBXContainerItemProxy */;
		};
		34930F7B2CC2419C00EFE2B6 /* PBXTargetDependency */ = {
			isa = PBXTargetDependency;
			target = 34930F5E2CC2419200EFE2B6 /* uefaproject */;
			targetProxy = 34930F7A2CC2419C00EFE2B6 /* PBXContainerItemProxy */;
		};
/* End PBXTargetDependency section */

/* Begin XCBuildConfiguration section */
		34930F812CC2419C00EFE2B6 /* Debug */ = {
			isa = XCBuildConfiguration;
			buildSettings = {
				ALWAYS_SEARCH_USER_PATHS = NO;
				ASSETCATALOG_COMPILER_GENERATE_SWIFT_ASSET_SYMBOL_EXTENSIONS = YES;
				CLANG_ANALYZER_NONNULL = YES;
				CLANG_ANALYZER_NUMBER_OBJECT_CONVERSION = YES_AGGRESSIVE;
				CLANG_CXX_LANGUAGE_STANDARD = "gnu++20";
				CLANG_ENABLE_MODULES = YES;
				CLANG_ENABLE_OBJC_ARC = YES;
				CLANG_ENABLE_OBJC_WEAK = YES;
				CLANG_WARN_BLOCK_CAPTURE_AUTORELEASING = YES;
				CLANG_WARN_BOOL_CONVERSION = YES;
				CLANG_WARN_COMMA = YES;
				CLANG_WARN_CONSTANT_CONVERSION = YES;
				CLANG_WARN_DEPRECATED_OBJC_IMPLEMENTATIONS = YES;
				CLANG_WARN_DIRECT_OBJC_ISA_USAGE = YES_ERROR;
				CLANG_WARN_DOCUMENTATION_COMMENTS = YES;
				CLANG_WARN_EMPTY_BODY = YES;
				CLANG_WARN_ENUM_CONVERSION = YES;
				CLANG_WARN_INFINITE_RECURSION = YES;
				CLANG_WARN_INT_CONVERSION = YES;
				CLANG_WARN_NON_LITERAL_NULL_CONVERSION = YES;
				CLANG_WARN_OBJC_IMPLICIT_RETAIN_SELF = YES;
				CLANG_WARN_OBJC_LITERAL_CONVERSION = YES;
				CLANG_WARN_OBJC_ROOT_CLASS = YES_ERROR;
				CLANG_WARN_QUOTED_INCLUDE_IN_FRAMEWORK_HEADER = YES;
				CLANG_WARN_RANGE_LOOP_ANALYSIS = YES;
				CLANG_WARN_STRICT_PROTOTYPES = YES;
				CLANG_WARN_SUSPICIOUS_MOVE = YES;
				CLANG_WARN_UNGUARDED_AVAILABILITY = YES_AGGRESSIVE;
				CLANG_WARN_UNREACHABLE_CODE = YES;
				CLANG_WARN__DUPLICATE_METHOD_MATCH = YES;
				COPY_PHASE_STRIP = NO;
				DEBUG_INFORMATION_FORMAT = dwarf;
				ENABLE_STRICT_OBJC_MSGSEND = YES;
				ENABLE_TESTABILITY = YES;
				ENABLE_USER_SCRIPT_SANDBOXING = YES;
				GCC_C_LANGUAGE_STANDARD = gnu17;
				GCC_DYNAMIC_NO_PIC = NO;
				GCC_NO_COMMON_BLOCKS = YES;
				GCC_OPTIMIZATION_LEVEL = 0;
				GCC_PREPROCESSOR_DEFINITIONS = (
					"DEBUG=1",
					"$(inherited)",
				);
				GCC_WARN_64_TO_32_BIT_CONVERSION = YES;
				GCC_WARN_ABOUT_RETURN_TYPE = YES_ERROR;
				GCC_WARN_UNDECLARED_SELECTOR = YES;
				GCC_WARN_UNINITIALIZED_AUTOS = YES_AGGRESSIVE;
				GCC_WARN_UNUSED_FUNCTION = YES;
				GCC_WARN_UNUSED_VARIABLE = YES;
				IPHONEOS_DEPLOYMENT_TARGET = 18.0;
				LOCALIZATION_PREFERS_STRING_CATALOGS = YES;
				MTL_ENABLE_DEBUG_INFO = INCLUDE_SOURCE;
				MTL_FAST_MATH = YES;
				ONLY_ACTIVE_ARCH = YES;
				SDKROOT = iphoneos;
				SWIFT_ACTIVE_COMPILATION_CONDITIONS = "DEBUG $(inherited)";
				SWIFT_OPTIMIZATION_LEVEL = "-Onone";
			};
			name = Debug;
		};
		34930F822CC2419C00EFE2B6 /* Release */ = {
			isa = XCBuildConfiguration;
			buildSettings = {
				ALWAYS_SEARCH_USER_PATHS = NO;
				ASSETCATALOG_COMPILER_GENERATE_SWIFT_ASSET_SYMBOL_EXTENSIONS = YES;
				CLANG_ANALYZER_NONNULL = YES;
				CLANG_ANALYZER_NUMBER_OBJECT_CONVERSION = YES_AGGRESSIVE;
				CLANG_CXX_LANGUAGE_STANDARD = "gnu++20";
				CLANG_ENABLE_MODULES = YES;
				CLANG_ENABLE_OBJC_ARC = YES;
				CLANG_ENABLE_OBJC_WEAK = YES;
				CLANG_WARN_BLOCK_CAPTURE_AUTORELEASING = YES;
				CLANG_WARN_BOOL_CONVERSION = YES;
				CLANG_WARN_COMMA = YES;
				CLANG_WARN_CONSTANT_CONVERSION = YES;
				CLANG_WARN_DEPRECATED_OBJC_IMPLEMENTATIONS = YES;
				CLANG_WARN_DIRECT_OBJC_ISA_USAGE = YES_ERROR;
				CLANG_WARN_DOCUMENTATION_COMMENTS = YES;
				CLANG_WARN_EMPTY_BODY = YES;
				CLANG_WARN_ENUM_CONVERSION = YES;
				CLANG_WARN_INFINITE_RECURSION = YES;
				CLANG_WARN_INT_CONVERSION = YES;
				CLANG_WARN_NON_LITERAL_NULL_CONVERSION = YES;
				CLANG_WARN_OBJC_IMPLICIT_RETAIN_SELF = YES;
				CLANG_WARN_OBJC_LITERAL_CONVERSION = YES;
				CLANG_WARN_OBJC_ROOT_CLASS = YES_ERROR;
				CLANG_WARN_QUOTED_INCLUDE_IN_FRAMEWORK_HEADER = YES;
				CLANG_WARN_RANGE_LOOP_ANALYSIS = YES;
				CLANG_WARN_STRICT_PROTOTYPES = YES;
				CLANG_WARN_SUSPICIOUS_MOVE = YES;
				CLANG_WARN_UNGUARDED_AVAILABILITY = YES_AGGRESSIVE;
				CLANG_WARN_UNREACHABLE_CODE = YES;
				CLANG_WARN__DUPLICATE_METHOD_MATCH = YES;
				COPY_PHASE_STRIP = NO;
				DEBUG_INFORMATION_FORMAT = "dwarf-with-dsym";
				ENABLE_NS_ASSERTIONS = NO;
				ENABLE_STRICT_OBJC_MSGSEND = YES;
				ENABLE_USER_SCRIPT_SANDBOXING = YES;
				GCC_C_LANGUAGE_STANDARD = gnu17;
				GCC_NO_COMMON_BLOCKS = YES;
				GCC_WARN_64_TO_32_BIT_CONVERSION = YES;
				GCC_WARN_ABOUT_RETURN_TYPE = YES_ERROR;
				GCC_WARN_UNDECLARED_SELECTOR = YES;
				GCC_WARN_UNINITIALIZED_AUTOS = YES_AGGRESSIVE;
				GCC_WARN_UNUSED_FUNCTION = YES;
				GCC_WARN_UNUSED_VARIABLE = YES;
				IPHONEOS_DEPLOYMENT_TARGET = 18.0;
				LOCALIZATION_PREFERS_STRING_CATALOGS = YES;
				MTL_ENABLE_DEBUG_INFO = NO;
				MTL_FAST_MATH = YES;
				SDKROOT = iphoneos;
				SWIFT_COMPILATION_MODE = wholemodule;
				VALIDATE_PRODUCT = YES;
			};
			name = Release;
		};
		34930F842CC2419C00EFE2B6 /* Debug */ = {
			isa = XCBuildConfiguration;
			buildSettings = {
				ASSETCATALOG_COMPILER_APPICON_NAME = AppIcon;
				ASSETCATALOG_COMPILER_GLOBAL_ACCENT_COLOR_NAME = AccentColor;
				CODE_SIGN_STYLE = Automatic;
				CURRENT_PROJECT_VERSION = 1;
				DEVELOPMENT_ASSET_PATHS = "\"uefaproject/Preview Content\"";
				ENABLE_PREVIEWS = YES;
				GENERATE_INFOPLIST_FILE = YES;
				INFOPLIST_FILE = uefaproject/Info.plist;
				INFOPLIST_KEY_UIApplicationSceneManifest_Generation = YES;
				INFOPLIST_KEY_UIApplicationSupportsIndirectInputEvents = YES;
				INFOPLIST_KEY_UILaunchScreen_Generation = YES;
				INFOPLIST_KEY_UISupportedInterfaceOrientations_iPad = "UIInterfaceOrientationPortrait UIInterfaceOrientationPortraitUpsideDown UIInterfaceOrientationLandscapeLeft UIInterfaceOrientationLandscapeRight";
				INFOPLIST_KEY_UISupportedInterfaceOrientations_iPhone = "UIInterfaceOrientationPortrait UIInterfaceOrientationLandscapeLeft UIInterfaceOrientationLandscapeRight";
				LD_RUNPATH_SEARCH_PATHS = (
					"$(inherited)",
					"@executable_path/Frameworks",
				);
				MARKETING_VERSION = 1.0;
				PRODUCT_BUNDLE_IDENTIFIER = swiftui.uefaproject;
				PRODUCT_NAME = "$(TARGET_NAME)";
				SWIFT_EMIT_LOC_STRINGS = YES;
				SWIFT_VERSION = 5.0;
				TARGETED_DEVICE_FAMILY = "1,2";
			};
			name = Debug;
		};
		34930F852CC2419C00EFE2B6 /* Release */ = {
			isa = XCBuildConfiguration;
			buildSettings = {
				ASSETCATALOG_COMPILER_APPICON_NAME = AppIcon;
				ASSETCATALOG_COMPILER_GLOBAL_ACCENT_COLOR_NAME = AccentColor;
				CODE_SIGN_STYLE = Automatic;
				CURRENT_PROJECT_VERSION = 1;
				DEVELOPMENT_ASSET_PATHS = "\"uefaproject/Preview Content\"";
				ENABLE_PREVIEWS = YES;
				GENERATE_INFOPLIST_FILE = YES;
				INFOPLIST_FILE = uefaproject/Info.plist;
				INFOPLIST_KEY_UIApplicationSceneManifest_Generation = YES;
				INFOPLIST_KEY_UIApplicationSupportsIndirectInputEvents = YES;
				INFOPLIST_KEY_UILaunchScreen_Generation = YES;
				INFOPLIST_KEY_UISupportedInterfaceOrientations_iPad = "UIInterfaceOrientationPortrait UIInterfaceOrientationPortraitUpsideDown UIInterfaceOrientationLandscapeLeft UIInterfaceOrientationLandscapeRight";
				INFOPLIST_KEY_UISupportedInterfaceOrientations_iPhone = "UIInterfaceOrientationPortrait UIInterfaceOrientationLandscapeLeft UIInterfaceOrientationLandscapeRight";
				LD_RUNPATH_SEARCH_PATHS = (
					"$(inherited)",
					"@executable_path/Frameworks",
				);
				MARKETING_VERSION = 1.0;
				PRODUCT_BUNDLE_IDENTIFIER = swiftui.uefaproject;
				PRODUCT_NAME = "$(TARGET_NAME)";
				SWIFT_EMIT_LOC_STRINGS = YES;
				SWIFT_VERSION = 5.0;
				TARGETED_DEVICE_FAMILY = "1,2";
			};
			name = Release;
		};
		34930F872CC2419C00EFE2B6 /* Debug */ = {
			isa = XCBuildConfiguration;
			buildSettings = {
				BUNDLE_LOADER = "$(TEST_HOST)";
				CODE_SIGN_STYLE = Automatic;
				CURRENT_PROJECT_VERSION = 1;
				GENERATE_INFOPLIST_FILE = YES;
				IPHONEOS_DEPLOYMENT_TARGET = 18.0;
				MARKETING_VERSION = 1.0;
				PRODUCT_BUNDLE_IDENTIFIER = swiftui.uefaprojectTests;
				PRODUCT_NAME = "$(TARGET_NAME)";
				SWIFT_EMIT_LOC_STRINGS = NO;
				SWIFT_VERSION = 5.0;
				TARGETED_DEVICE_FAMILY = "1,2";
				TEST_HOST = "$(BUILT_PRODUCTS_DIR)/uefaproject.app/$(BUNDLE_EXECUTABLE_FOLDER_PATH)/uefaproject";
			};
			name = Debug;
		};
		34930F882CC2419C00EFE2B6 /* Release */ = {
			isa = XCBuildConfiguration;
			buildSettings = {
				BUNDLE_LOADER = "$(TEST_HOST)";
				CODE_SIGN_STYLE = Automatic;
				CURRENT_PROJECT_VERSION = 1;
				GENERATE_INFOPLIST_FILE = YES;
				IPHONEOS_DEPLOYMENT_TARGET = 18.0;
				MARKETING_VERSION = 1.0;
				PRODUCT_BUNDLE_IDENTIFIER = swiftui.uefaprojectTests;
				PRODUCT_NAME = "$(TARGET_NAME)";
				SWIFT_EMIT_LOC_STRINGS = NO;
				SWIFT_VERSION = 5.0;
				TARGETED_DEVICE_FAMILY = "1,2";
				TEST_HOST = "$(BUILT_PRODUCTS_DIR)/uefaproject.app/$(BUNDLE_EXECUTABLE_FOLDER_PATH)/uefaproject";
			};
			name = Release;
		};
		34930F8A2CC2419C00EFE2B6 /* Debug */ = {
			isa = XCBuildConfiguration;
			buildSettings = {
				CODE_SIGN_STYLE = Automatic;
				CURRENT_PROJECT_VERSION = 1;
				GENERATE_INFOPLIST_FILE = YES;
				MARKETING_VERSION = 1.0;
				PRODUCT_BUNDLE_IDENTIFIER = swiftui.uefaprojectUITests;
				PRODUCT_NAME = "$(TARGET_NAME)";
				SWIFT_EMIT_LOC_STRINGS = NO;
				SWIFT_VERSION = 5.0;
				TARGETED_DEVICE_FAMILY = "1,2";
				TEST_TARGET_NAME = uefaproject;
			};
			name = Debug;
		};
		34930F8B2CC2419C00EFE2B6 /* Release */ = {
			isa = XCBuildConfiguration;
			buildSettings = {
				CODE_SIGN_STYLE = Automatic;
				CURRENT_PROJECT_VERSION = 1;
				GENERATE_INFOPLIST_FILE = YES;
				MARKETING_VERSION = 1.0;
				PRODUCT_BUNDLE_IDENTIFIER = swiftui.uefaprojectUITests;
				PRODUCT_NAME = "$(TARGET_NAME)";
				SWIFT_EMIT_LOC_STRINGS = NO;
				SWIFT_VERSION = 5.0;
				TARGETED_DEVICE_FAMILY = "1,2";
				TEST_TARGET_NAME = uefaproject;
			};
			name = Release;
		};
/* End XCBuildConfiguration section */

/* Begin XCConfigurationList section */
		34930F5A2CC2419200EFE2B6 /* Build configuration list for PBXProject "uefaproject" */ = {
			isa = XCConfigurationList;
			buildConfigurations = (
				34930F812CC2419C00EFE2B6 /* Debug */,
				34930F822CC2419C00EFE2B6 /* Release */,
			);
			defaultConfigurationIsVisible = 0;
			defaultConfigurationName = Release;
		};
		34930F832CC2419C00EFE2B6 /* Build configuration list for PBXNativeTarget "uefaproject" */ = {
			isa = XCConfigurationList;
			buildConfigurations = (
				34930F842CC2419C00EFE2B6 /* Debug */,
				34930F852CC2419C00EFE2B6 /* Release */,
			);
			defaultConfigurationIsVisible = 0;
			defaultConfigurationName = Release;
		};
		34930F862CC2419C00EFE2B6 /* Build configuration list for PBXNativeTarget "uefaprojectTests" */ = {
			isa = XCConfigurationList;
			buildConfigurations = (
				34930F872CC2419C00EFE2B6 /* Debug */,
				34930F882CC2419C00EFE2B6 /* Release */,
			);
			defaultConfigurationIsVisible = 0;
			defaultConfigurationName = Release;
		};
		34930F892CC2419C00EFE2B6 /* Build configuration list for PBXNativeTarget "uefaprojectUITests" */ = {
			isa = XCConfigurationList;
			buildConfigurations = (
				34930F8A2CC2419C00EFE2B6 /* Debug */,
				34930F8B2CC2419C00EFE2B6 /* Release */,
			);
			defaultConfigurationIsVisible = 0;
			defaultConfigurationName = Release;
		};
/* End XCConfigurationList section */

/* Begin XCRemoteSwiftPackageReference section */
		34930FBE2CC252B500EFE2B6 /* XCRemoteSwiftPackageReference "ScalingHeaderScrollView" */ = {
			isa = XCRemoteSwiftPackageReference;
			repositoryURL = "https://github.com/exyte/ScalingHeaderScrollView.git";
			requirement = {
				kind = upToNextMajorVersion;
				minimumVersion = 1.1.4;
			};
		};
/* End XCRemoteSwiftPackageReference section */

/* Begin XCSwiftPackageProductDependency section */
		34930FC02CC2541400EFE2B6 /* ScalingHeaderScrollView */ = {
			isa = XCSwiftPackageProductDependency;
			package = 34930FBE2CC252B500EFE2B6 /* XCRemoteSwiftPackageReference "ScalingHeaderScrollView" */;
			productName = ScalingHeaderScrollView;
		};
/* End XCSwiftPackageProductDependency section */
	};
	rootObject = 34930F572CC2419200EFE2B6 /* Project object */;
}
